
Microsoft Visual Studio Solution File, Format Version 12.00
# Visual Studio Version 16
VisualStudioVersion = 16.0.30413.136
MinimumVisualStudioVersion = 10.0.40219.1
Project("{9A19103F-16F7-4668-BE54-9A1E7A4F7556}") = "SigfoxDeviceManageApp", "SigfoxDeviceManageApp\SigfoxDeviceManageApp.csproj", "{C1D34336-1E46-4AD8-93D4-7E746BF1194C}"
EndProject
Project("{9A19103F-16F7-4668-BE54-9A1E7A4F7556}") = "SigfoxDeviceManageApp.Tests", "SigfoxDeviceManageApp.Test\SigfoxDeviceManageApp.Tests.csproj", "{85B89BA6-A0FE-4FA5-AF71-5673545FB6D2}"
EndProject
Global
	GlobalSection(SolutionConfigurationPlatforms) = preSolution
		Debug|Any CPU = Debug|Any CPU
		Release|Any CPU = Release|Any CPU
	EndGlobalSection
	GlobalSection(ProjectConfigurationPlatforms) = postSolution
		{C1D34336-1E46-4AD8-93D4-7E746BF1194C}.Debug|Any CPU.ActiveCfg = Debug|Any CPU
		{C1D34336-1E46-4AD8-93D4-7E746BF1194C}.Debug|Any CPU.Build.0 = Debug|Any CPU
		{C1D34336-1E46-4AD8-93D4-7E746BF1194C}.Release|Any CPU.ActiveCfg = Release|Any CPU
		{C1D34336-1E46-4AD8-93D4-7E746BF1194C}.Release|Any CPU.Build.0 = Release|Any CPU
		{85B89BA6-A0FE-4FA5-AF71-5673545FB6D2}.Debug|Any CPU.ActiveCfg = Debug|Any CPU
		{85B89BA6-A0FE-4FA5-AF71-5673545FB6D2}.Debug|Any CPU.Build.0 = Debug|Any CPU
		{85B89BA6-A0FE-4FA5-AF71-5673545FB6D2}.Release|Any CPU.ActiveCfg = Release|Any CPU
		{85B89BA6-A0FE-4FA5-AF71-5673545FB6D2}.Release|Any CPU.Build.0 = Release|Any CPU
	EndGlobalSection
	GlobalSection(SolutionProperties) = preSolution
		HideSolutionNode = FALSE
	EndGlobalSection
	GlobalSection(ExtensibilityGlobals) = postSolution
		SolutionGuid = {A160DB92-35B8-478F-847A-0D6C891B26DD}
	EndGlobalSection
EndGlobal
